<Solution>
  <Configurations>
    <Platform Name="x64" />
    <Platform Name="x86" />
  </Configurations>
  <Project Path="../../../../../../source/repos/Zatreanu_Roberto_ActivitateSD2026/Zatreanu_Roberto_ActivitateSD2026/Zatreanu_Roberto_ActivitateSD2026.vcxproj" Id="91c905ab-1520-4425-ab1e-86a3d2ed1289" />
</Solution>
